
Microsoft Visual Studio Solution File, Format Version 12.00
# Visual Studio Version 17
VisualStudioVersion = 17.14.36811.4
MinimumVisualStudioVersion = 10.0.40219.1
Project("{FAE04EC0-301F-11D3-BF4B-00C04F79EFBC}") = "HouseRentingSystem", "HouseRentingSystem\HouseRentingSystem.csproj", "{97D197AD-4CB8-4425-A9D9-4BB3C64A2C36}"
	ProjectSection(ProjectDependencies) = postProject
		{4F6B089F-F960-4D3E-A9C4-964B38F97CA2} = {4F6B089F-F960-4D3E-A9C4-964B38F97CA2}
		{C8EA3767-7321-4E9D-A705-E67CA46EB453} = {C8EA3767-7321-4E9D-A705-E67CA46EB453}
	EndProjectSection
EndProject
Project("{FAE04EC0-301F-11D3-BF4B-00C04F79EFBC}") = "HouseRentingSystem.Data", "HouseRentingSystem.Data\HouseRentingSystem.Data.csproj", "{4F6B089F-F960-4D3E-A9C4-964B38F97CA2}"
EndProject
Project("{FAE04EC0-301F-11D3-BF4B-00C04F79EFBC}") = "HouseRentingSystem.Services", "HouseRentingSystem.Services\HouseRentingSystem.Services.csproj", "{C8EA3767-7321-4E9D-A705-E67CA46EB453}"
	ProjectSection(ProjectDependencies) = postProject
		{4F6B089F-F960-4D3E-A9C4-964B38F97CA2} = {4F6B089F-F960-4D3E-A9C4-964B38F97CA2}
	EndProjectSection
EndProject
Global
	GlobalSection(SolutionConfigurationPlatforms) = preSolution
		Debug|Any CPU = Debug|Any CPU
		Release|Any CPU = Release|Any CPU
	EndGlobalSection
	GlobalSection(ProjectConfigurationPlatforms) = postSolution
		{97D197AD-4CB8-4425-A9D9-4BB3C64A2C36}.Debug|Any CPU.ActiveCfg = Debug|Any CPU
		{97D197AD-4CB8-4425-A9D9-4BB3C64A2C36}.Debug|Any CPU.Build.0 = Debug|Any CPU
		{97D197AD-4CB8-4425-A9D9-4BB3C64A2C36}.Release|Any CPU.ActiveCfg = Release|Any CPU
		{97D197AD-4CB8-4425-A9D9-4BB3C64A2C36}.Release|Any CPU.Build.0 = Release|Any CPU
		{4F6B089F-F960-4D3E-A9C4-964B38F97CA2}.Debug|Any CPU.ActiveCfg = Debug|Any CPU
		{4F6B089F-F960-4D3E-A9C4-964B38F97CA2}.Debug|Any CPU.Build.0 = Debug|Any CPU
		{4F6B089F-F960-4D3E-A9C4-964B38F97CA2}.Release|Any CPU.ActiveCfg = Release|Any CPU
		{4F6B089F-F960-4D3E-A9C4-964B38F97CA2}.Release|Any CPU.Build.0 = Release|Any CPU
		{C8EA3767-7321-4E9D-A705-E67CA46EB453}.Debug|Any CPU.ActiveCfg = Debug|Any CPU
		{C8EA3767-7321-4E9D-A705-E67CA46EB453}.Debug|Any CPU.Build.0 = Debug|Any CPU
		{C8EA3767-7321-4E9D-A705-E67CA46EB453}.Release|Any CPU.ActiveCfg = Release|Any CPU
		{C8EA3767-7321-4E9D-A705-E67CA46EB453}.Release|Any CPU.Build.0 = Release|Any CPU
	EndGlobalSection
	GlobalSection(SolutionProperties) = preSolution
		HideSolutionNode = FALSE
	EndGlobalSection
	GlobalSection(ExtensibilityGlobals) = postSolution
		SolutionGuid = {243A69F4-62D0-4DD6-BF5F-09431F7842AC}
	EndGlobalSection
EndGlobal
